
Microsoft Visual Studio Solution File, Format Version 12.00
# Visual Studio Version 17
VisualStudioVersion = 17.11.35201.85
MinimumVisualStudioVersion = 10.0.40219.1
Project("{FAE04EC0-301F-11D3-BF4B-00C04F79EFBC}") = "MauiIosCrashRepro", "MauiIosCrashRepro\MauiIosCrashRepro.csproj", "{1DB463C3-FA87-4D91-B1FB-C60BC43F458E}"
EndProject
Global
	GlobalSection(SolutionConfigurationPlatforms) = preSolution
		Debug|Any CPU = Debug|Any CPU
		Release|Any CPU = Release|Any CPU
	EndGlobalSection
	GlobalSection(ProjectConfigurationPlatforms) = postSolution
		{1DB463C3-FA87-4D91-B1FB-C60BC43F458E}.Debug|Any CPU.ActiveCfg = Debug|Any CPU
		{1DB463C3-FA87-4D91-B1FB-C60BC43F458E}.Debug|Any CPU.Build.0 = Debug|Any CPU
		{1DB463C3-FA87-4D91-B1FB-C60BC43F458E}.Debug|Any CPU.Deploy.0 = Debug|Any CPU
		{1DB463C3-FA87-4D91-B1FB-C60BC43F458E}.Release|Any CPU.ActiveCfg = Release|Any CPU
		{1DB463C3-FA87-4D91-B1FB-C60BC43F458E}.Release|Any CPU.Build.0 = Release|Any CPU
		{1DB463C3-FA87-4D91-B1FB-C60BC43F458E}.Release|Any CPU.Deploy.0 = Release|Any CPU
	EndGlobalSection
	GlobalSection(SolutionProperties) = preSolution
		HideSolutionNode = FALSE
	EndGlobalSection
	GlobalSection(ExtensibilityGlobals) = postSolution
		SolutionGuid = {95AE880D-901A-472F-AD4F-6B09E12ADFEA}
	EndGlobalSection
EndGlobal
